{
  "requires": true,
  "lockfileVersion": 1,
  "dependencies": {
    "echarts": {
      "version": "4.0.4",
      "resolved": "https://registry.npmjs.org/echarts/-/echarts-4.0.4.tgz",
      "integrity": "sha512-PDWGchRwBvMcNJbg94/thIIDgD8Jw2APtbK6K9rq1X8h6rQIdQ3IFTEvRwGS9U0zsUgJQQwXFLXIw+RJ/EH3fw==",
      "requires": {
        "zrender": "4.0.3"
      }
    },
    "echarts-amap": {
      "version": "1.0.0-rc.6",
      "resolved": "https://registry.npmjs.org/echarts-amap/-/echarts-amap-1.0.0-rc.6.tgz",
      "integrity": "sha1-V4KnTa7lLtRM4/j2JXdWF4PwnhY="
    },
    "v-charts": {
      "version": "1.16.9",
      "resolved": "https://registry.npmjs.org/v-charts/-/v-charts-1.16.9.tgz",
      "integrity": "sha512-fPHa4QqoQiJvrRnvPjgwFmnFt4IAFPKdvFOQM74/TjkC1lQAvOelxwh09cJDEP3vIwPY+GY3gI11+WNQCYO9HQ==",
      "requires": {
        "echarts-amap": "1.0.0-rc.6"
      }
    },
    "zrender": {
      "version": "4.0.3",
      "resolved": "https://registry.npmjs.org/zrender/-/zrender-4.0.3.tgz",
      "integrity": "sha512-LdkntRaNogzKAwlICuS0wdZcYaeA94llQ0SWqsgbcd6SPasgkjstaoe6vr5P9Pd2ID/rlhf3UrmIuFzqOLdDuA=="
    }
  }
}
